// !$*UTF8*$!
{
	archiveVersion = 1;
	classes = {
	};
	objectVersion = 56;
	objects = {

/* Begin PBXBuildFile section */
		0F1E00D82917118E0000A91B /* SmallcellCollection.swift in Sources */ = {isa = PBXBuildFile; fileRef = 0F1E00D72917118E0000A91B /* SmallcellCollection.swift */; };
		0F528D28290F309100DEAFD1 /* AnimeTableCell.swift in Sources */ = {isa = PBXBuildFile; fileRef = 0F528D27290F309100DEAFD1 /* AnimeTableCell.swift */; };
		0F528D2A290F407500DEAFD1 /* MainAnime.swift in Sources */ = {isa = PBXBuildFile; fileRef = 0F528D29290F407500DEAFD1 /* MainAnime.swift */; };
		0F528D2C290F423E00DEAFD1 /* BiggerCell.swift in Sources */ = {isa = PBXBuildFile; fileRef = 0F528D2B290F423E00DEAFD1 /* BiggerCell.swift */; };
		0F528D2E290F521700DEAFD1 /* MangaTableCell.swift in Sources */ = {isa = PBXBuildFile; fileRef = 0F528D2D290F521700DEAFD1 /* MangaTableCell.swift */; };
		0F528D30290F53CC00DEAFD1 /* Manga_Bigger_Cell.swift in Sources */ = {isa = PBXBuildFile; fileRef = 0F528D2F290F53CC00DEAFD1 /* Manga_Bigger_Cell.swift */; };
		2D8DC332BF2F0B31D7C5E61B /* Pods_Manga_Anime_searcher_Manga_Anime_searcherUITests.framework in Frameworks */ = {isa = PBXBuildFile; fileRef = 757EB9DDC6AC5D75EBCB3494 /* Pods_Manga_Anime_searcher_Manga_Anime_searcherUITests.framework */; };
		34F941117013259882B4D108 /* Pods_Manga_Anime_searcher.framework in Frameworks */ = {isa = PBXBuildFile; fileRef = D927E5210DA3B6E932575C8E /* Pods_Manga_Anime_searcher.framework */; };
		8572BD8C20FA3746671801F6 /* Pods_Manga_Anime_searcherTests.framework in Frameworks */ = {isa = PBXBuildFile; fileRef = 7FBF3FEFAA2489B3333AED69 /* Pods_Manga_Anime_searcherTests.framework */; };
		BD02C1DA2904B38D00DEF387 /* AnimeViewController.swift in Sources */ = {isa = PBXBuildFile; fileRef = BD02C1D92904B38D00DEF387 /* AnimeViewController.swift */; };
		BD02C1DC2904B79400DEF387 /* MangaViewController.swift in Sources */ = {isa = PBXBuildFile; fileRef = BD02C1DB2904B79400DEF387 /* MangaViewController.swift */; };
		BD02C1DE2904F6E800DEF387 /* ProfileCamViewController.swift in Sources */ = {isa = PBXBuildFile; fileRef = BD02C1DD2904F6E800DEF387 /* ProfileCamViewController.swift */; };
		BD10078629047722005E915B /* AppDelegate.swift in Sources */ = {isa = PBXBuildFile; fileRef = BD10078529047722005E915B /* AppDelegate.swift */; };
		BD10078829047722005E915B /* SceneDelegate.swift in Sources */ = {isa = PBXBuildFile; fileRef = BD10078729047722005E915B /* SceneDelegate.swift */; };
		BD10078D29047722005E915B /* Main.storyboard in Resources */ = {isa = PBXBuildFile; fileRef = BD10078B29047722005E915B /* Main.storyboard */; };
		BD10078F29047725005E915B /* Assets.xcassets in Resources */ = {isa = PBXBuildFile; fileRef = BD10078E29047725005E915B /* Assets.xcassets */; };
		BD10079229047725005E915B /* LaunchScreen.storyboard in Resources */ = {isa = PBXBuildFile; fileRef = BD10079029047725005E915B /* LaunchScreen.storyboard */; };
		BD10079D29047725005E915B /* Manga_Anime_searcherTests.swift in Sources */ = {isa = PBXBuildFile; fileRef = BD10079C29047725005E915B /* Manga_Anime_searcherTests.swift */; };
		BD1007A729047725005E915B /* Manga_Anime_searcherUITests.swift in Sources */ = {isa = PBXBuildFile; fileRef = BD1007A629047725005E915B /* Manga_Anime_searcherUITests.swift */; };
		BD1007A929047725005E915B /* Manga_Anime_searcherUITestsLaunchTests.swift in Sources */ = {isa = PBXBuildFile; fileRef = BD1007A829047725005E915B /* Manga_Anime_searcherUITestsLaunchTests.swift */; };
		BD1007B629047BCA005E915B /* LoginViewController.swift in Sources */ = {isa = PBXBuildFile; fileRef = BD1007B529047BCA005E915B /* LoginViewController.swift */; };
		BD1007B82904A0FF005E915B /* HomeFeedViewController.swift in Sources */ = {isa = PBXBuildFile; fileRef = BD1007B72904A0FF005E915B /* HomeFeedViewController.swift */; };
		BD1007BA2904A22A005E915B /* ProfileViewController.swift in Sources */ = {isa = PBXBuildFile; fileRef = BD1007B92904A22A005E915B /* ProfileViewController.swift */; };
		BD58A0A42904A53400578AE7 /* SignUpViewController.swift in Sources */ = {isa = PBXBuildFile; fileRef = BD58A0A32904A53400578AE7 /* SignUpViewController.swift */; };
		BD9845C6291F4D1A00151351 /* MangasmalCollectionCell.swift in Sources */ = {isa = PBXBuildFile; fileRef = BD9845C5291F4D1A00151351 /* MangasmalCollectionCell.swift */; };
		BD9845C8291FB54D00151351 /* AnimeDetailListVC.swift in Sources */ = {isa = PBXBuildFile; fileRef = BD9845C7291FB54D00151351 /* AnimeDetailListVC.swift */; };
		BD9845CA2920994700151351 /* AnimeListCell.swift in Sources */ = {isa = PBXBuildFile; fileRef = BD9845C92920994700151351 /* AnimeListCell.swift */; };
		BD9845CF29213F3200151351 /* animeInfoVC.swift in Sources */ = {isa = PBXBuildFile; fileRef = BD9845CE29213F3200151351 /* animeInfoVC.swift */; };
/* End PBXBuildFile section */

/* Begin PBXContainerItemProxy section */
		BD10079929047725005E915B /* PBXContainerItemProxy */ = {
			isa = PBXContainerItemProxy;
			containerPortal = BD10077A29047722005E915B /* Project object */;
			proxyType = 1;
			remoteGlobalIDString = BD10078129047722005E915B;
			remoteInfo = "Manga-Anime_searcher";
		};
		BD1007A329047725005E915B /* PBXContainerItemProxy */ = {
			isa = PBXContainerItemProxy;
			containerPortal = BD10077A29047722005E915B /* Project object */;
			proxyType = 1;
			remoteGlobalIDString = BD10078129047722005E915B;
			remoteInfo = "Manga-Anime_searcher";
		};
/* End PBXContainerItemProxy section */

/* Begin PBXFileReference section */
		0E6F1B93B7270ADA1FD42D13 /* Pods-Manga-Anime_searcher-Manga-Anime_searcherUITests.debug.xcconfig */ = {isa = PBXFileReference; includeInIndex = 1; lastKnownFileType = text.xcconfig; name = "Pods-Manga-Anime_searcher-Manga-Anime_searcherUITests.debug.xcconfig"; path = "Target Support Files/Pods-Manga-Anime_searcher-Manga-Anime_searcherUITests/Pods-Manga-Anime_searcher-Manga-Anime_searcherUITests.debug.xcconfig"; sourceTree = "<group>"; };
		0F1E00D72917118E0000A91B /* SmallcellCollection.swift */ = {isa = PBXFileReference; lastKnownFileType = sourcecode.swift; path = SmallcellCollection.swift; sourceTree = "<group>"; };
		0F528D27290F309100DEAFD1 /* AnimeTableCell.swift */ = {isa = PBXFileReference; lastKnownFileType = sourcecode.swift; path = AnimeTableCell.swift; sourceTree = "<group>"; };
		0F528D29290F407500DEAFD1 /* MainAnime.swift */ = {isa = PBXFileReference; lastKnownFileType = sourcecode.swift; path = MainAnime.swift; sourceTree = "<group>"; };
		0F528D2B290F423E00DEAFD1 /* BiggerCell.swift */ = {isa = PBXFileReference; lastKnownFileType = sourcecode.swift; path = BiggerCell.swift; sourceTree = "<group>"; };
		0F528D2D290F521700DEAFD1 /* MangaTableCell.swift */ = {isa = PBXFileReference; lastKnownFileType = sourcecode.swift; path = MangaTableCell.swift; sourceTree = "<group>"; };
		0F528D2F290F53CC00DEAFD1 /* Manga_Bigger_Cell.swift */ = {isa = PBXFileReference; lastKnownFileType = sourcecode.swift; path = Manga_Bigger_Cell.swift; sourceTree = "<group>"; };
		3AD0F1353A80E77D3EE9F5F8 /* Pods-Manga-Anime_searcherTests.release.xcconfig */ = {isa = PBXFileReference; includeInIndex = 1; lastKnownFileType = text.xcconfig; name = "Pods-Manga-Anime_searcherTests.release.xcconfig"; path = "Target Support Files/Pods-Manga-Anime_searcherTests/Pods-Manga-Anime_searcherTests.release.xcconfig"; sourceTree = "<group>"; };
		757EB9DDC6AC5D75EBCB3494 /* Pods_Manga_Anime_searcher_Manga_Anime_searcherUITests.framework */ = {isa = PBXFileReference; explicitFileType = wrapper.framework; includeInIndex = 0; path = Pods_Manga_Anime_searcher_Manga_Anime_searcherUITests.framework; sourceTree = BUILT_PRODUCTS_DIR; };
		7FBF3FEFAA2489B3333AED69 /* Pods_Manga_Anime_searcherTests.framework */ = {isa = PBXFileReference; explicitFileType = wrapper.framework; includeInIndex = 0; path = Pods_Manga_Anime_searcherTests.framework; sourceTree = BUILT_PRODUCTS_DIR; };
		84BC7B5F65195625F9311FB5 /* Pods-Manga-Anime_searcher.debug.xcconfig */ = {isa = PBXFileReference; includeInIndex = 1; lastKnownFileType = text.xcconfig; name = "Pods-Manga-Anime_searcher.debug.xcconfig"; path = "Target Support Files/Pods-Manga-Anime_searcher/Pods-Manga-Anime_searcher.debug.xcconfig"; sourceTree = "<group>"; };
		9D30A7CB6B36F4FDF7875A12 /* Pods-Manga-Anime_searcher-Manga-Anime_searcherUITests.release.xcconfig */ = {isa = PBXFileReference; includeInIndex = 1; lastKnownFileType = text.xcconfig; name = "Pods-Manga-Anime_searcher-Manga-Anime_searcherUITests.release.xcconfig"; path = "Target Support Files/Pods-Manga-Anime_searcher-Manga-Anime_searcherUITests/Pods-Manga-Anime_searcher-Manga-Anime_searcherUITests.release.xcconfig"; sourceTree = "<group>"; };
		9D45009C5BBBAEA3BF7ADED1 /* Pods-Manga-Anime_searcher.release.xcconfig */ = {isa = PBXFileReference; includeInIndex = 1; lastKnownFileType = text.xcconfig; name = "Pods-Manga-Anime_searcher.release.xcconfig"; path = "Target Support Files/Pods-Manga-Anime_searcher/Pods-Manga-Anime_searcher.release.xcconfig"; sourceTree = "<group>"; };
		BD02C1D92904B38D00DEF387 /* AnimeViewController.swift */ = {isa = PBXFileReference; lastKnownFileType = sourcecode.swift; path = AnimeViewController.swift; sourceTree = "<group>"; };
		BD02C1DB2904B79400DEF387 /* MangaViewController.swift */ = {isa = PBXFileReference; lastKnownFileType = sourcecode.swift; path = MangaViewController.swift; sourceTree = "<group>"; };
		BD02C1DD2904F6E800DEF387 /* ProfileCamViewController.swift */ = {isa = PBXFileReference; lastKnownFileType = sourcecode.swift; path = ProfileCamViewController.swift; sourceTree = "<group>"; };
		BD10078229047722005E915B /* Manga-Anime_searcher.app */ = {isa = PBXFileReference; explicitFileType = wrapper.application; includeInIndex = 0; path = "Manga-Anime_searcher.app"; sourceTree = BUILT_PRODUCTS_DIR; };
		BD10078529047722005E915B /* AppDelegate.swift */ = {isa = PBXFileReference; lastKnownFileType = sourcecode.swift; path = AppDelegate.swift; sourceTree = "<group>"; };
		BD10078729047722005E915B /* SceneDelegate.swift */ = {isa = PBXFileReference; lastKnownFileType = sourcecode.swift; path = SceneDelegate.swift; sourceTree = "<group>"; };
		BD10078C29047722005E915B /* Base */ = {isa = PBXFileReference; lastKnownFileType = file.storyboard; name = Base; path = Base.lproj/Main.storyboard; sourceTree = "<group>"; };
		BD10078E29047725005E915B /* Assets.xcassets */ = {isa = PBXFileReference; lastKnownFileType = folder.assetcatalog; path = Assets.xcassets; sourceTree = "<group>"; };
		BD10079129047725005E915B /* Base */ = {isa = PBXFileReference; lastKnownFileType = file.storyboard; name = Base; path = Base.lproj/LaunchScreen.storyboard; sourceTree = "<group>"; };
		BD10079329047725005E915B /* Info.plist */ = {isa = PBXFileReference; lastKnownFileType = text.plist.xml; path = Info.plist; sourceTree = "<group>"; };
		BD10079829047725005E915B /* Manga-Anime_searcherTests.xctest */ = {isa = PBXFileReference; explicitFileType = wrapper.cfbundle; includeInIndex = 0; path = "Manga-Anime_searcherTests.xctest"; sourceTree = BUILT_PRODUCTS_DIR; };
		BD10079C29047725005E915B /* Manga_Anime_searcherTests.swift */ = {isa = PBXFileReference; lastKnownFileType = sourcecode.swift; path = Manga_Anime_searcherTests.swift; sourceTree = "<group>"; };
		BD1007A229047725005E915B /* Manga-Anime_searcherUITests.xctest */ = {isa = PBXFileReference; explicitFileType = wrapper.cfbundle; includeInIndex = 0; path = "Manga-Anime_searcherUITests.xctest"; sourceTree = BUILT_PRODUCTS_DIR; };
		BD1007A629047725005E915B /* Manga_Anime_searcherUITests.swift */ = {isa = PBXFileReference; lastKnownFileType = sourcecode.swift; path = Manga_Anime_searcherUITests.swift; sourceTree = "<group>"; };
		BD1007A829047725005E915B /* Manga_Anime_searcherUITestsLaunchTests.swift */ = {isa = PBXFileReference; lastKnownFileType = sourcecode.swift; path = Manga_Anime_searcherUITestsLaunchTests.swift; sourceTree = "<group>"; };
		BD1007B529047BCA005E915B /* LoginViewController.swift */ = {isa = PBXFileReference; lastKnownFileType = sourcecode.swift; path = LoginViewController.swift; sourceTree = "<group>"; };
		BD1007B72904A0FF005E915B /* HomeFeedViewController.swift */ = {isa = PBXFileReference; lastKnownFileType = sourcecode.swift; path = HomeFeedViewController.swift; sourceTree = "<group>"; };
		BD1007B92904A22A005E915B /* ProfileViewController.swift */ = {isa = PBXFileReference; lastKnownFileType = sourcecode.swift; path = ProfileViewController.swift; sourceTree = "<group>"; };
		BD58A0A32904A53400578AE7 /* SignUpViewController.swift */ = {isa = PBXFileReference; lastKnownFileType = sourcecode.swift; path = SignUpViewController.swift; sourceTree = "<group>"; };
		BD9845C5291F4D1A00151351 /* MangasmalCollectionCell.swift */ = {isa = PBXFileReference; lastKnownFileType = sourcecode.swift; path = MangasmalCollectionCell.swift; sourceTree = "<group>"; };
		BD9845C7291FB54D00151351 /* AnimeDetailListVC.swift */ = {isa = PBXFileReference; lastKnownFileType = sourcecode.swift; path = AnimeDetailListVC.swift; sourceTree = "<group>"; };
		BD9845C92920994700151351 /* AnimeListCell.swift */ = {isa = PBXFileReference; lastKnownFileType = sourcecode.swift; path = AnimeListCell.swift; sourceTree = "<group>"; };
		BD9845CE29213F3200151351 /* animeInfoVC.swift */ = {isa = PBXFileReference; lastKnownFileType = sourcecode.swift; path = animeInfoVC.swift; sourceTree = "<group>"; };
		D927E5210DA3B6E932575C8E /* Pods_Manga_Anime_searcher.framework */ = {isa = PBXFileReference; explicitFileType = wrapper.framework; includeInIndex = 0; path = Pods_Manga_Anime_searcher.framework; sourceTree = BUILT_PRODUCTS_DIR; };
		E878706224AB395012C8DBA9 /* Pods-Manga-Anime_searcherTests.debug.xcconfig */ = {isa = PBXFileReference; includeInIndex = 1; lastKnownFileType = text.xcconfig; name = "Pods-Manga-Anime_searcherTests.debug.xcconfig"; path = "Target Support Files/Pods-Manga-Anime_searcherTests/Pods-Manga-Anime_searcherTests.debug.xcconfig"; sourceTree = "<group>"; };
/* End PBXFileReference section */

/* Begin PBXFrameworksBuildPhase section */
		BD10077F29047722005E915B /* Frameworks */ = {
			isa = PBXFrameworksBuildPhase;
			buildActionMask = 2147483647;
			files = (
				34F941117013259882B4D108 /* Pods_Manga_Anime_searcher.framework in Frameworks */,
			);
			runOnlyForDeploymentPostprocessing = 0;
		};
		BD10079529047725005E915B /* Frameworks */ = {
			isa = PBXFrameworksBuildPhase;
			buildActionMask = 2147483647;
			files = (
				8572BD8C20FA3746671801F6 /* Pods_Manga_Anime_searcherTests.framework in Frameworks */,
			);
			runOnlyForDeploymentPostprocessing = 0;
		};
		BD10079F29047725005E915B /* Frameworks */ = {
			isa = PBXFrameworksBuildPhase;
			buildActionMask = 2147483647;
			files = (
				2D8DC332BF2F0B31D7C5E61B /* Pods_Manga_Anime_searcher_Manga_Anime_searcherUITests.framework in Frameworks */,
			);
			runOnlyForDeploymentPostprocessing = 0;
		};
/* End PBXFrameworksBuildPhase section */

/* Begin PBXGroup section */
		849F7205543D0E7D5B69A583 /* Pods */ = {
			isa = PBXGroup;
			children = (
				84BC7B5F65195625F9311FB5 /* Pods-Manga-Anime_searcher.debug.xcconfig */,
				9D45009C5BBBAEA3BF7ADED1 /* Pods-Manga-Anime_searcher.release.xcconfig */,
				0E6F1B93B7270ADA1FD42D13 /* Pods-Manga-Anime_searcher-Manga-Anime_searcherUITests.debug.xcconfig */,
				9D30A7CB6B36F4FDF7875A12 /* Pods-Manga-Anime_searcher-Manga-Anime_searcherUITests.release.xcconfig */,
				E878706224AB395012C8DBA9 /* Pods-Manga-Anime_searcherTests.debug.xcconfig */,
				3AD0F1353A80E77D3EE9F5F8 /* Pods-Manga-Anime_searcherTests.release.xcconfig */,
			);
			path = Pods;
			sourceTree = "<group>";
		};
		BD10077929047722005E915B = {
			isa = PBXGroup;
			children = (
				BD10078429047722005E915B /* Manga-Anime_searcher */,
				BD10079B29047725005E915B /* Manga-Anime_searcherTests */,
				BD1007A529047725005E915B /* Manga-Anime_searcherUITests */,
				BD10078329047722005E915B /* Products */,
				849F7205543D0E7D5B69A583 /* Pods */,
				E68D1F22BECB92A8EBB64C2E /* Frameworks */,
			);
			sourceTree = "<group>";
		};
		BD10078329047722005E915B /* Products */ = {
			isa = PBXGroup;
			children = (
				BD10078229047722005E915B /* Manga-Anime_searcher.app */,
				BD10079829047725005E915B /* Manga-Anime_searcherTests.xctest */,
				BD1007A229047725005E915B /* Manga-Anime_searcherUITests.xctest */,
			);
			name = Products;
			sourceTree = "<group>";
		};
		BD10078429047722005E915B /* Manga-Anime_searcher */ = {
			isa = PBXGroup;
			children = (
				BD9845CC2921394500151351 /* Cells */,
				BD9845CB2921391300151351 /* anime */,
				0F528D2F290F53CC00DEAFD1 /* Manga_Bigger_Cell.swift */,
				BD10078529047722005E915B /* AppDelegate.swift */,
				BD10078729047722005E915B /* SceneDelegate.swift */,
				BD10078B29047722005E915B /* Main.storyboard */,
				0F528D29290F407500DEAFD1 /* MainAnime.swift */,
				BD10078E29047725005E915B /* Assets.xcassets */,
				BD10079029047725005E915B /* LaunchScreen.storyboard */,
				BD10079329047725005E915B /* Info.plist */,
				BD1007B529047BCA005E915B /* LoginViewController.swift */,
				BD1007B72904A0FF005E915B /* HomeFeedViewController.swift */,
				BD1007B92904A22A005E915B /* ProfileViewController.swift */,
				BD58A0A32904A53400578AE7 /* SignUpViewController.swift */,
				BD02C1DB2904B79400DEF387 /* MangaViewController.swift */,
				0F528D2D290F521700DEAFD1 /* MangaTableCell.swift */,
				BD02C1DD2904F6E800DEF387 /* ProfileCamViewController.swift */,
				BD9845C5291F4D1A00151351 /* MangasmalCollectionCell.swift */,
			);
			path = "Manga-Anime_searcher";
			sourceTree = "<group>";
		};
		BD10079B29047725005E915B /* Manga-Anime_searcherTests */ = {
			isa = PBXGroup;
			children = (
				BD10079C29047725005E915B /* Manga_Anime_searcherTests.swift */,
			);
			path = "Manga-Anime_searcherTests";
			sourceTree = "<group>";
		};
		BD1007A529047725005E915B /* Manga-Anime_searcherUITests */ = {
			isa = PBXGroup;
			children = (
				BD1007A629047725005E915B /* Manga_Anime_searcherUITests.swift */,
				BD1007A829047725005E915B /* Manga_Anime_searcherUITestsLaunchTests.swift */,
			);
			path = "Manga-Anime_searcherUITests";
			sourceTree = "<group>";
		};
		BD9845CB2921391300151351 /* anime */ = {
			isa = PBXGroup;
			children = (
				BD9845C7291FB54D00151351 /* AnimeDetailListVC.swift */,
				BD02C1D92904B38D00DEF387 /* AnimeViewController.swift */,
				BD9845CE29213F3200151351 /* animeInfoVC.swift */,
			);
			path = anime;
			sourceTree = "<group>";
		};
		BD9845CC2921394500151351 /* Cells */ = {
			isa = PBXGroup;
			children = (
				BD9845CD2921395500151351 /* animeCell */,
			);
			path = Cells;
			sourceTree = "<group>";
		};
		BD9845CD2921395500151351 /* animeCell */ = {
			isa = PBXGroup;
			children = (
				BD9845C92920994700151351 /* AnimeListCell.swift */,
				0F1E00D72917118E0000A91B /* SmallcellCollection.swift */,
				0F528D2B290F423E00DEAFD1 /* BiggerCell.swift */,
				0F528D27290F309100DEAFD1 /* AnimeTableCell.swift */,
			);
			path = animeCell;
			sourceTree = "<group>";
		};
		E68D1F22BECB92A8EBB64C2E /* Frameworks */ = {
			isa = PBXGroup;
			children = (
				D927E5210DA3B6E932575C8E /* Pods_Manga_Anime_searcher.framework */,
				757EB9DDC6AC5D75EBCB3494 /* Pods_Manga_Anime_searcher_Manga_Anime_searcherUITests.framework */,
				7FBF3FEFAA2489B3333AED69 /* Pods_Manga_Anime_searcherTests.framework */,
			);
			name = Frameworks;
			sourceTree = "<group>";
		};
/* End PBXGroup section */

/* Begin PBXNativeTarget section */
		BD10078129047722005E915B /* Manga-Anime_searcher */ = {
			isa = PBXNativeTarget;
			buildConfigurationList = BD1007AC29047725005E915B /* Build configuration list for PBXNativeTarget "Manga-Anime_searcher" */;
			buildPhases = (
				5540B16DD973D1BC058D61D8 /* [CP] Check Pods Manifest.lock */,
				BD10077E29047722005E915B /* Sources */,
				BD10077F29047722005E915B /* Frameworks */,
				BD10078029047722005E915B /* Resources */,
				4F4E9F4A6FE3C6217BE7A284 /* [CP] Embed Pods Frameworks */,
			);
			buildRules = (
			);
			dependencies = (
			);
			name = "Manga-Anime_searcher";
			productName = "Manga-Anime_searcher";
			productReference = BD10078229047722005E915B /* Manga-Anime_searcher.app */;
			productType = "com.apple.product-type.application";
		};
		BD10079729047725005E915B /* Manga-Anime_searcherTests */ = {
			isa = PBXNativeTarget;
			buildConfigurationList = BD1007AF29047725005E915B /* Build configuration list for PBXNativeTarget "Manga-Anime_searcherTests" */;
			buildPhases = (
				D21CF005D7435C6237AECA22 /* [CP] Check Pods Manifest.lock */,
				BD10079429047725005E915B /* Sources */,
				BD10079529047725005E915B /* Frameworks */,
				BD10079629047725005E915B /* Resources */,
			);
			buildRules = (
			);
			dependencies = (
				BD10079A29047725005E915B /* PBXTargetDependency */,
			);
			name = "Manga-Anime_searcherTests";
			productName = "Manga-Anime_searcherTests";
			productReference = BD10079829047725005E915B /* Manga-Anime_searcherTests.xctest */;
			productType = "com.apple.product-type.bundle.unit-test";
		};
		BD1007A129047725005E915B /* Manga-Anime_searcherUITests */ = {
			isa = PBXNativeTarget;
			buildConfigurationList = BD1007B229047725005E915B /* Build configuration list for PBXNativeTarget "Manga-Anime_searcherUITests" */;
			buildPhases = (
				80EA92BCA8CA94031E9CDBCB /* [CP] Check Pods Manifest.lock */,
				BD10079E29047725005E915B /* Sources */,
				BD10079F29047725005E915B /* Frameworks */,
				BD1007A029047725005E915B /* Resources */,
				A860CB7A2D9FCF27470F7A1C /* [CP] Embed Pods Frameworks */,
			);
			buildRules = (
			);
			dependencies = (
				BD1007A429047725005E915B /* PBXTargetDependency */,
			);
			name = "Manga-Anime_searcherUITests";
			productName = "Manga-Anime_searcherUITests";
			productReference = BD1007A229047725005E915B /* Manga-Anime_searcherUITests.xctest */;
			productType = "com.apple.product-type.bundle.ui-testing";
		};
/* End PBXNativeTarget section */

/* Begin PBXProject section */
		BD10077A29047722005E915B /* Project object */ = {
			isa = PBXProject;
			attributes = {
				BuildIndependentTargetsInParallel = 1;
				LastSwiftUpdateCheck = 1400;
				LastUpgradeCheck = 1400;
				TargetAttributes = {
					BD10078129047722005E915B = {
						CreatedOnToolsVersion = 14.0.1;
					};
					BD10079729047725005E915B = {
						CreatedOnToolsVersion = 14.0.1;
						TestTargetID = BD10078129047722005E915B;
					};
					BD1007A129047725005E915B = {
						CreatedOnToolsVersion = 14.0.1;
						TestTargetID = BD10078129047722005E915B;
					};
				};
			};
			buildConfigurationList = BD10077D29047722005E915B /* Build configuration list for PBXProject "Manga-Anime_searcher" */;
			compatibilityVersion = "Xcode 14.0";
			developmentRegion = en;
			hasScannedForEncodings = 0;
			knownRegions = (
				en,
				Base,
			);
			mainGroup = BD10077929047722005E915B;
			productRefGroup = BD10078329047722005E915B /* Products */;
			projectDirPath = "";
			projectRoot = "";
			targets = (
				BD10078129047722005E915B /* Manga-Anime_searcher */,
				BD10079729047725005E915B /* Manga-Anime_searcherTests */,
				BD1007A129047725005E915B /* Manga-Anime_searcherUITests */,
			);
		};
/* End PBXProject section */

/* Begin PBXResourcesBuildPhase section */
		BD10078029047722005E915B /* Resources */ = {
			isa = PBXResourcesBuildPhase;
			buildActionMask = 2147483647;
			files = (
				BD10079229047725005E915B /* LaunchScreen.storyboard in Resources */,
				BD10078F29047725005E915B /* Assets.xcassets in Resources */,
				BD10078D29047722005E915B /* Main.storyboard in Resources */,
			);
			runOnlyForDeploymentPostprocessing = 0;
		};
		BD10079629047725005E915B /* Resources */ = {
			isa = PBXResourcesBuildPhase;
			buildActionMask = 2147483647;
			files = (
			);
			runOnlyForDeploymentPostprocessing = 0;
		};
		BD1007A029047725005E915B /* Resources */ = {
			isa = PBXResourcesBuildPhase;
			buildActionMask = 2147483647;
			files = (
			);
			runOnlyForDeploymentPostprocessing = 0;
		};
/* End PBXResourcesBuildPhase section */

/* Begin PBXShellScriptBuildPhase section */
		4F4E9F4A6FE3C6217BE7A284 /* [CP] Embed Pods Frameworks */ = {
			isa = PBXShellScriptBuildPhase;
			buildActionMask = 2147483647;
			files = (
			);
			inputFileListPaths = (
				"${PODS_ROOT}/Target Support Files/Pods-Manga-Anime_searcher/Pods-Manga-Anime_searcher-frameworks-${CONFIGURATION}-input-files.xcfilelist",
			);
			name = "[CP] Embed Pods Frameworks";
			outputFileListPaths = (
				"${PODS_ROOT}/Target Support Files/Pods-Manga-Anime_searcher/Pods-Manga-Anime_searcher-frameworks-${CONFIGURATION}-output-files.xcfilelist",
			);
			runOnlyForDeploymentPostprocessing = 0;
			shellPath = /bin/sh;
			shellScript = "\"${PODS_ROOT}/Target Support Files/Pods-Manga-Anime_searcher/Pods-Manga-Anime_searcher-frameworks.sh\"\n";
			showEnvVarsInLog = 0;
		};
		5540B16DD973D1BC058D61D8 /* [CP] Check Pods Manifest.lock */ = {
			isa = PBXShellScriptBuildPhase;
			buildActionMask = 2147483647;
			files = (
			);
			inputFileListPaths = (
			);
			inputPaths = (
				"${PODS_PODFILE_DIR_PATH}/Podfile.lock",
				"${PODS_ROOT}/Manifest.lock",
			);
			name = "[CP] Check Pods Manifest.lock";
			outputFileListPaths = (
			);
			outputPaths = (
				"$(DERIVED_FILE_DIR)/Pods-Manga-Anime_searcher-checkManifestLockResult.txt",
			);
			runOnlyForDeploymentPostprocessing = 0;
			shellPath = /bin/sh;
			shellScript = "diff \"${PODS_PODFILE_DIR_PATH}/Podfile.lock\" \"${PODS_ROOT}/Manifest.lock\" > /dev/null\nif [ $? != 0 ] ; then\n    # print error to STDERR\n    echo \"error: The sandbox is not in sync with the Podfile.lock. Run 'pod install' or update your CocoaPods installation.\" >&2\n    exit 1\nfi\n# This output is used by Xcode 'outputs' to avoid re-running this script phase.\necho \"SUCCESS\" > \"${SCRIPT_OUTPUT_FILE_0}\"\n";
			showEnvVarsInLog = 0;
		};
		80EA92BCA8CA94031E9CDBCB /* [CP] Check Pods Manifest.lock */ = {
			isa = PBXShellScriptBuildPhase;
			buildActionMask = 2147483647;
			files = (
			);
			inputFileListPaths = (
			);
			inputPaths = (
				"${PODS_PODFILE_DIR_PATH}/Podfile.lock",
				"${PODS_ROOT}/Manifest.lock",
			);
			name = "[CP] Check Pods Manifest.lock";
			outputFileListPaths = (
			);
			outputPaths = (
				"$(DERIVED_FILE_DIR)/Pods-Manga-Anime_searcher-Manga-Anime_searcherUITests-checkManifestLockResult.txt",
			);
			runOnlyForDeploymentPostprocessing = 0;
			shellPath = /bin/sh;
			shellScript = "diff \"${PODS_PODFILE_DIR_PATH}/Podfile.lock\" \"${PODS_ROOT}/Manifest.lock\" > /dev/null\nif [ $? != 0 ] ; then\n    # print error to STDERR\n    echo \"error: The sandbox is not in sync with the Podfile.lock. Run 'pod install' or update your CocoaPods installation.\" >&2\n    exit 1\nfi\n# This output is used by Xcode 'outputs' to avoid re-running this script phase.\necho \"SUCCESS\" > \"${SCRIPT_OUTPUT_FILE_0}\"\n";
			showEnvVarsInLog = 0;
		};
		A860CB7A2D9FCF27470F7A1C /* [CP] Embed Pods Frameworks */ = {
			isa = PBXShellScriptBuildPhase;
			buildActionMask = 2147483647;
			files = (
			);
			inputFileListPaths = (
				"${PODS_ROOT}/Target Support Files/Pods-Manga-Anime_searcher-Manga-Anime_searcherUITests/Pods-Manga-Anime_searcher-Manga-Anime_searcherUITests-frameworks-${CONFIGURATION}-input-files.xcfilelist",
			);
			name = "[CP] Embed Pods Frameworks";
			outputFileListPaths = (
				"${PODS_ROOT}/Target Support Files/Pods-Manga-Anime_searcher-Manga-Anime_searcherUITests/Pods-Manga-Anime_searcher-Manga-Anime_searcherUITests-frameworks-${CONFIGURATION}-output-files.xcfilelist",
			);
			runOnlyForDeploymentPostprocessing = 0;
			shellPath = /bin/sh;
			shellScript = "\"${PODS_ROOT}/Target Support Files/Pods-Manga-Anime_searcher-Manga-Anime_searcherUITests/Pods-Manga-Anime_searcher-Manga-Anime_searcherUITests-frameworks.sh\"\n";
			showEnvVarsInLog = 0;
		};
		D21CF005D7435C6237AECA22 /* [CP] Check Pods Manifest.lock */ = {
			isa = PBXShellScriptBuildPhase;
			buildActionMask = 2147483647;
			files = (
			);
			inputFileListPaths = (
			);
			inputPaths = (
				"${PODS_PODFILE_DIR_PATH}/Podfile.lock",
				"${PODS_ROOT}/Manifest.lock",
			);
			name = "[CP] Check Pods Manifest.lock";
			outputFileListPaths = (
			);
			outputPaths = (
				"$(DERIVED_FILE_DIR)/Pods-Manga-Anime_searcherTests-checkManifestLockResult.txt",
			);
			runOnlyForDeploymentPostprocessing = 0;
			shellPath = /bin/sh;
			shellScript = "diff \"${PODS_PODFILE_DIR_PATH}/Podfile.lock\" \"${PODS_ROOT}/Manifest.lock\" > /dev/null\nif [ $? != 0 ] ; then\n    # print error to STDERR\n    echo \"error: The sandbox is not in sync with the Podfile.lock. Run 'pod install' or update your CocoaPods installation.\" >&2\n    exit 1\nfi\n# This output is used by Xcode 'outputs' to avoid re-running this script phase.\necho \"SUCCESS\" > \"${SCRIPT_OUTPUT_FILE_0}\"\n";
			showEnvVarsInLog = 0;
		};
/* End PBXShellScriptBuildPhase section */

/* Begin PBXSourcesBuildPhase section */
		BD10077E29047722005E915B /* Sources */ = {
			isa = PBXSourcesBuildPhase;
			buildActionMask = 2147483647;
			files = (
				BD58A0A42904A53400578AE7 /* SignUpViewController.swift in Sources */,
				BD1007B629047BCA005E915B /* LoginViewController.swift in Sources */,
				0F1E00D82917118E0000A91B /* SmallcellCollection.swift in Sources */,
				BD9845C8291FB54D00151351 /* AnimeDetailListVC.swift in Sources */,
				BD02C1DA2904B38D00DEF387 /* AnimeViewController.swift in Sources */,
				0F528D28290F309100DEAFD1 /* AnimeTableCell.swift in Sources */,
				BD9845C6291F4D1A00151351 /* MangasmalCollectionCell.swift in Sources */,
				0F528D2E290F521700DEAFD1 /* MangaTableCell.swift in Sources */,
				BD10078629047722005E915B /* AppDelegate.swift in Sources */,
				BD1007BA2904A22A005E915B /* ProfileViewController.swift in Sources */,
				0F528D2A290F407500DEAFD1 /* MainAnime.swift in Sources */,
				0F528D2C290F423E00DEAFD1 /* BiggerCell.swift in Sources */,
				BD02C1DE2904F6E800DEF387 /* ProfileCamViewController.swift in Sources */,
				BD9845CF29213F3200151351 /* animeInfoVC.swift in Sources */,
				BD10078829047722005E915B /* SceneDelegate.swift in Sources */,
				BD9845CA2920994700151351 /* AnimeListCell.swift in Sources */,
				BD1007B82904A0FF005E915B /* HomeFeedViewController.swift in Sources */,
				0F528D30290F53CC00DEAFD1 /* Manga_Bigger_Cell.swift in Sources */,
				BD02C1DC2904B79400DEF387 /* MangaViewController.swift in Sources */,
			);
			runOnlyForDeploymentPostprocessing = 0;
		};
		BD10079429047725005E915B /* Sources */ = {
			isa = PBXSourcesBuildPhase;
			buildActionMask = 2147483647;
			files = (
				BD10079D29047725005E915B /* Manga_Anime_searcherTests.swift in Sources */,
			);
			runOnlyForDeploymentPostprocessing = 0;
		};
		BD10079E29047725005E915B /* Sources */ = {
			isa = PBXSourcesBuildPhase;
			buildActionMask = 2147483647;
			files = (
				BD1007A729047725005E915B /* Manga_Anime_searcherUITests.swift in Sources */,
				BD1007A929047725005E915B /* Manga_Anime_searcherUITestsLaunchTests.swift in Sources */,
			);
			runOnlyForDeploymentPostprocessing = 0;
		};
/* End PBXSourcesBuildPhase section */

/* Begin PBXTargetDependency section */
		BD10079A29047725005E915B /* PBXTargetDependency */ = {
			isa = PBXTargetDependency;
			target = BD10078129047722005E915B /* Manga-Anime_searcher */;
			targetProxy = BD10079929047725005E915B /* PBXContainerItemProxy */;
		};
		BD1007A429047725005E915B /* PBXTargetDependency */ = {
			isa = PBXTargetDependency;
			target = BD10078129047722005E915B /* Manga-Anime_searcher */;
			targetProxy = BD1007A329047725005E915B /* PBXContainerItemProxy */;
		};
/* End PBXTargetDependency section */

/* Begin PBXVariantGroup section */
		BD10078B29047722005E915B /* Main.storyboard */ = {
			isa = PBXVariantGroup;
			children = (
				BD10078C29047722005E915B /* Base */,
			);
			name = Main.storyboard;
			sourceTree = "<group>";
		};
		BD10079029047725005E915B /* LaunchScreen.storyboard */ = {
			isa = PBXVariantGroup;
			children = (
				BD10079129047725005E915B /* Base */,
			);
			name = LaunchScreen.storyboard;
			sourceTree = "<group>";
		};
/* End PBXVariantGroup section */

/* Begin XCBuildConfiguration section */
		BD1007AA29047725005E915B /* Debug */ = {
			isa = XCBuildConfiguration;
			buildSettings = {
				ALWAYS_SEARCH_USER_PATHS = NO;
				CLANG_ANALYZER_NONNULL = YES;
				CLANG_ANALYZER_NUMBER_OBJECT_CONVERSION = YES_AGGRESSIVE;
				CLANG_CXX_LANGUAGE_STANDARD = "gnu++20";
				CLANG_ENABLE_MODULES = YES;
				CLANG_ENABLE_OBJC_ARC = YES;
				CLANG_ENABLE_OBJC_WEAK = YES;
				CLANG_WARN_BLOCK_CAPTURE_AUTORELEASING = YES;
				CLANG_WARN_BOOL_CONVERSION = YES;
				CLANG_WARN_COMMA = YES;
				CLANG_WARN_CONSTANT_CONVERSION = YES;
				CLANG_WARN_DEPRECATED_OBJC_IMPLEMENTATIONS = YES;
				CLANG_WARN_DIRECT_OBJC_ISA_USAGE = YES_ERROR;
				CLANG_WARN_DOCUMENTATION_COMMENTS = YES;
				CLANG_WARN_EMPTY_BODY = YES;
				CLANG_WARN_ENUM_CONVERSION = YES;
				CLANG_WARN_INFINITE_RECURSION = YES;
				CLANG_WARN_INT_CONVERSION = YES;
				CLANG_WARN_NON_LITERAL_NULL_CONVERSION = YES;
				CLANG_WARN_OBJC_IMPLICIT_RETAIN_SELF = YES;
				CLANG_WARN_OBJC_LITERAL_CONVERSION = YES;
				CLANG_WARN_OBJC_ROOT_CLASS = YES_ERROR;
				CLANG_WARN_QUOTED_INCLUDE_IN_FRAMEWORK_HEADER = YES;
				CLANG_WARN_RANGE_LOOP_ANALYSIS = YES;
				CLANG_WARN_STRICT_PROTOTYPES = YES;
				CLANG_WARN_SUSPICIOUS_MOVE = YES;
				CLANG_WARN_UNGUARDED_AVAILABILITY = YES_AGGRESSIVE;
				CLANG_WARN_UNREACHABLE_CODE = YES;
				CLANG_WARN__DUPLICATE_METHOD_MATCH = YES;
				COPY_PHASE_STRIP = NO;
				DEBUG_INFORMATION_FORMAT = dwarf;
				ENABLE_STRICT_OBJC_MSGSEND = YES;
				ENABLE_TESTABILITY = YES;
				GCC_C_LANGUAGE_STANDARD = gnu11;
				GCC_DYNAMIC_NO_PIC = NO;
				GCC_NO_COMMON_BLOCKS = YES;
				GCC_OPTIMIZATION_LEVEL = 0;
				GCC_PREPROCESSOR_DEFINITIONS = (
					"DEBUG=1",
					"$(inherited)",
				);
				GCC_WARN_64_TO_32_BIT_CONVERSION = YES;
				GCC_WARN_ABOUT_RETURN_TYPE = YES_ERROR;
				GCC_WARN_UNDECLARED_SELECTOR = YES;
				GCC_WARN_UNINITIALIZED_AUTOS = YES_AGGRESSIVE;
				GCC_WARN_UNUSED_FUNCTION = YES;
				GCC_WARN_UNUSED_VARIABLE = YES;
				IPHONEOS_DEPLOYMENT_TARGET = 16.0;
				MTL_ENABLE_DEBUG_INFO = INCLUDE_SOURCE;
				MTL_FAST_MATH = YES;
				ONLY_ACTIVE_ARCH = YES;
				SDKROOT = iphoneos;
				SWIFT_ACTIVE_COMPILATION_CONDITIONS = DEBUG;
				SWIFT_OPTIMIZATION_LEVEL = "-Onone";
			};
			name = Debug;
		};
		BD1007AB29047725005E915B /* Release */ = {
			isa = XCBuildConfiguration;
			buildSettings = {
				ALWAYS_SEARCH_USER_PATHS = NO;
				CLANG_ANALYZER_NONNULL = YES;
				CLANG_ANALYZER_NUMBER_OBJECT_CONVERSION = YES_AGGRESSIVE;
				CLANG_CXX_LANGUAGE_STANDARD = "gnu++20";
				CLANG_ENABLE_MODULES = YES;
				CLANG_ENABLE_OBJC_ARC = YES;
				CLANG_ENABLE_OBJC_WEAK = YES;
				CLANG_WARN_BLOCK_CAPTURE_AUTORELEASING = YES;
				CLANG_WARN_BOOL_CONVERSION = YES;
				CLANG_WARN_COMMA = YES;
				CLANG_WARN_CONSTANT_CONVERSION = YES;
				CLANG_WARN_DEPRECATED_OBJC_IMPLEMENTATIONS = YES;
				CLANG_WARN_DIRECT_OBJC_ISA_USAGE = YES_ERROR;
				CLANG_WARN_DOCUMENTATION_COMMENTS = YES;
				CLANG_WARN_EMPTY_BODY = YES;
				CLANG_WARN_ENUM_CONVERSION = YES;
				CLANG_WARN_INFINITE_RECURSION = YES;
				CLANG_WARN_INT_CONVERSION = YES;
				CLANG_WARN_NON_LITERAL_NULL_CONVERSION = YES;
				CLANG_WARN_OBJC_IMPLICIT_RETAIN_SELF = YES;
				CLANG_WARN_OBJC_LITERAL_CONVERSION = YES;
				CLANG_WARN_OBJC_ROOT_CLASS = YES_ERROR;
				CLANG_WARN_QUOTED_INCLUDE_IN_FRAMEWORK_HEADER = YES;
				CLANG_WARN_RANGE_LOOP_ANALYSIS = YES;
				CLANG_WARN_STRICT_PROTOTYPES = YES;
				CLANG_WARN_SUSPICIOUS_MOVE = YES;
				CLANG_WARN_UNGUARDED_AVAILABILITY = YES_AGGRESSIVE;
				CLANG_WARN_UNREACHABLE_CODE = YES;
				CLANG_WARN__DUPLICATE_METHOD_MATCH = YES;
				COPY_PHASE_STRIP = NO;
				DEBUG_INFORMATION_FORMAT = "dwarf-with-dsym";
				ENABLE_NS_ASSERTIONS = NO;
				ENABLE_STRICT_OBJC_MSGSEND = YES;
				GCC_C_LANGUAGE_STANDARD = gnu11;
				GCC_NO_COMMON_BLOCKS = YES;
				GCC_WARN_64_TO_32_BIT_CONVERSION = YES;
				GCC_WARN_ABOUT_RETURN_TYPE = YES_ERROR;
				GCC_WARN_UNDECLARED_SELECTOR = YES;
				GCC_WARN_UNINITIALIZED_AUTOS = YES_AGGRESSIVE;
				GCC_WARN_UNUSED_FUNCTION = YES;
				GCC_WARN_UNUSED_VARIABLE = YES;
				IPHONEOS_DEPLOYMENT_TARGET = 16.0;
				MTL_ENABLE_DEBUG_INFO = NO;
				MTL_FAST_MATH = YES;
				SDKROOT = iphoneos;
				SWIFT_COMPILATION_MODE = wholemodule;
				SWIFT_OPTIMIZATION_LEVEL = "-O";
				VALIDATE_PRODUCT = YES;
			};
			name = Release;
		};
		BD1007AD29047725005E915B /* Debug */ = {
			isa = XCBuildConfiguration;
			baseConfigurationReference = 84BC7B5F65195625F9311FB5 /* Pods-Manga-Anime_searcher.debug.xcconfig */;
			buildSettings = {
				ASSETCATALOG_COMPILER_APPICON_NAME = AppIcon;
				ASSETCATALOG_COMPILER_GLOBAL_ACCENT_COLOR_NAME = AccentColor;
				ASSETCATALOG_COMPILER_INCLUDE_ALL_APPICON_ASSETS = YES;
				CODE_SIGN_STYLE = Automatic;
				CURRENT_PROJECT_VERSION = 1;
				DEVELOPMENT_TEAM = CB6LLMVDFJ;
				GENERATE_INFOPLIST_FILE = YES;
				INFOPLIST_FILE = "Manga-Anime_searcher/Info.plist";
				INFOPLIST_KEY_NSCameraUsageDescription = "Need camera access to take pictures";
				INFOPLIST_KEY_NSPhotoLibraryUsageDescription = "Need library access to upload images";
				INFOPLIST_KEY_UIApplicationSupportsIndirectInputEvents = YES;
				INFOPLIST_KEY_UILaunchStoryboardName = LaunchScreen;
				INFOPLIST_KEY_UIMainStoryboardFile = Main;
				INFOPLIST_KEY_UISupportedInterfaceOrientations_iPad = "UIInterfaceOrientationPortrait UIInterfaceOrientationPortraitUpsideDown UIInterfaceOrientationLandscapeLeft UIInterfaceOrientationLandscapeRight";
				INFOPLIST_KEY_UISupportedInterfaceOrientations_iPhone = "UIInterfaceOrientationPortrait UIInterfaceOrientationLandscapeLeft UIInterfaceOrientationLandscapeRight";
				IPHONEOS_DEPLOYMENT_TARGET = 14.5;
				LD_RUNPATH_SEARCH_PATHS = (
					"$(inherited)",
					"@executable_path/Frameworks",
				);
				MARKETING_VERSION = 1.0;
				PRODUCT_BUNDLE_IDENTIFIER = "com.yunsan22.Manga-Animesearchers";
				PRODUCT_NAME = "$(TARGET_NAME)";
				SWIFT_EMIT_LOC_STRINGS = YES;
				SWIFT_VERSION = 5.0;
				TARGETED_DEVICE_FAMILY = "1,2";
			};
			name = Debug;
		};
		BD1007AE29047725005E915B /* Release */ = {
			isa = XCBuildConfiguration;
			baseConfigurationReference = 9D45009C5BBBAEA3BF7ADED1 /* Pods-Manga-Anime_searcher.release.xcconfig */;
			buildSettings = {
				ASSETCATALOG_COMPILER_APPICON_NAME = AppIcon;
				ASSETCATALOG_COMPILER_GLOBAL_ACCENT_COLOR_NAME = AccentColor;
				ASSETCATALOG_COMPILER_INCLUDE_ALL_APPICON_ASSETS = YES;
				CODE_SIGN_STYLE = Automatic;
				CURRENT_PROJECT_VERSION = 1;
				DEVELOPMENT_TEAM = CB6LLMVDFJ;
				GENERATE_INFOPLIST_FILE = YES;
				INFOPLIST_FILE = "Manga-Anime_searcher/Info.plist";
				INFOPLIST_KEY_NSCameraUsageDescription = "Need camera access to take pictures";
				INFOPLIST_KEY_NSPhotoLibraryUsageDescription = "Need library access to upload images";
				INFOPLIST_KEY_UIApplicationSupportsIndirectInputEvents = YES;
				INFOPLIST_KEY_UILaunchStoryboardName = LaunchScreen;
				INFOPLIST_KEY_UIMainStoryboardFile = Main;
				INFOPLIST_KEY_UISupportedInterfaceOrientations_iPad = "UIInterfaceOrientationPortrait UIInterfaceOrientationPortraitUpsideDown UIInterfaceOrientationLandscapeLeft UIInterfaceOrientationLandscapeRight";
				INFOPLIST_KEY_UISupportedInterfaceOrientations_iPhone = "UIInterfaceOrientationPortrait UIInterfaceOrientationLandscapeLeft UIInterfaceOrientationLandscapeRight";
				IPHONEOS_DEPLOYMENT_TARGET = 14.5;
				LD_RUNPATH_SEARCH_PATHS = (
					"$(inherited)",
					"@executable_path/Frameworks",
				);
				MARKETING_VERSION = 1.0;
				PRODUCT_BUNDLE_IDENTIFIER = "com.yunsan22.Manga-Animesearchers";
				PRODUCT_NAME = "$(TARGET_NAME)";
				SWIFT_EMIT_LOC_STRINGS = YES;
				SWIFT_VERSION = 5.0;
				TARGETED_DEVICE_FAMILY = "1,2";
			};
			name = Release;
		};
		BD1007B029047725005E915B /* Debug */ = {
			isa = XCBuildConfiguration;
			baseConfigurationReference = E878706224AB395012C8DBA9 /* Pods-Manga-Anime_searcherTests.debug.xcconfig */;
			buildSettings = {
				ALWAYS_EMBED_SWIFT_STANDARD_LIBRARIES = YES;
				BUNDLE_LOADER = "$(TEST_HOST)";
				CODE_SIGN_STYLE = Automatic;
				CURRENT_PROJECT_VERSION = 1;
				DEVELOPMENT_TEAM = CB6LLMVDFJ;
				GENERATE_INFOPLIST_FILE = YES;
				IPHONEOS_DEPLOYMENT_TARGET = 16.0;
				MARKETING_VERSION = 1.0;
				PRODUCT_BUNDLE_IDENTIFIER = "com.yunsan22.Manga-Anime-searcherTests";
				PRODUCT_NAME = "$(TARGET_NAME)";
				SWIFT_EMIT_LOC_STRINGS = NO;
				SWIFT_VERSION = 5.0;
				TARGETED_DEVICE_FAMILY = "1,2";
				TEST_HOST = "$(BUILT_PRODUCTS_DIR)/Manga-Anime_searcher.app/$(BUNDLE_EXECUTABLE_FOLDER_PATH)/Manga-Anime_searcher";
			};
			name = Debug;
		};
		BD1007B129047725005E915B /* Release */ = {
			isa = XCBuildConfiguration;
			baseConfigurationReference = 3AD0F1353A80E77D3EE9F5F8 /* Pods-Manga-Anime_searcherTests.release.xcconfig */;
			buildSettings = {
				ALWAYS_EMBED_SWIFT_STANDARD_LIBRARIES = YES;
				BUNDLE_LOADER = "$(TEST_HOST)";
				CODE_SIGN_STYLE = Automatic;
				CURRENT_PROJECT_VERSION = 1;
				DEVELOPMENT_TEAM = CB6LLMVDFJ;
				GENERATE_INFOPLIST_FILE = YES;
				IPHONEOS_DEPLOYMENT_TARGET = 16.0;
				MARKETING_VERSION = 1.0;
				PRODUCT_BUNDLE_IDENTIFIER = "com.yunsan22.Manga-Anime-searcherTests";
				PRODUCT_NAME = "$(TARGET_NAME)";
				SWIFT_EMIT_LOC_STRINGS = NO;
				SWIFT_VERSION = 5.0;
				TARGETED_DEVICE_FAMILY = "1,2";
				TEST_HOST = "$(BUILT_PRODUCTS_DIR)/Manga-Anime_searcher.app/$(BUNDLE_EXECUTABLE_FOLDER_PATH)/Manga-Anime_searcher";
			};
			name = Release;
		};
		BD1007B329047725005E915B /* Debug */ = {
			isa = XCBuildConfiguration;
			baseConfigurationReference = 0E6F1B93B7270ADA1FD42D13 /* Pods-Manga-Anime_searcher-Manga-Anime_searcherUITests.debug.xcconfig */;
			buildSettings = {
				ALWAYS_EMBED_SWIFT_STANDARD_LIBRARIES = YES;
				CODE_SIGN_STYLE = Automatic;
				CURRENT_PROJECT_VERSION = 1;
				DEVELOPMENT_TEAM = CB6LLMVDFJ;
				GENERATE_INFOPLIST_FILE = YES;
				MARKETING_VERSION = 1.0;
				PRODUCT_BUNDLE_IDENTIFIER = "com.yunsan22.Manga-Anime-searcherUITests";
				PRODUCT_NAME = "$(TARGET_NAME)";
				SWIFT_EMIT_LOC_STRINGS = NO;
				SWIFT_VERSION = 5.0;
				TARGETED_DEVICE_FAMILY = "1,2";
				TEST_TARGET_NAME = "Manga-Anime_searcher";
			};
			name = Debug;
		};
		BD1007B429047725005E915B /* Release */ = {
			isa = XCBuildConfiguration;
			baseConfigurationReference = 9D30A7CB6B36F4FDF7875A12 /* Pods-Manga-Anime_searcher-Manga-Anime_searcherUITests.release.xcconfig */;
			buildSettings = {
				ALWAYS_EMBED_SWIFT_STANDARD_LIBRARIES = YES;
				CODE_SIGN_STYLE = Automatic;
				CURRENT_PROJECT_VERSION = 1;
				DEVELOPMENT_TEAM = CB6LLMVDFJ;
				GENERATE_INFOPLIST_FILE = YES;
				MARKETING_VERSION = 1.0;
				PRODUCT_BUNDLE_IDENTIFIER = "com.yunsan22.Manga-Anime-searcherUITests";
				PRODUCT_NAME = "$(TARGET_NAME)";
				SWIFT_EMIT_LOC_STRINGS = NO;
				SWIFT_VERSION = 5.0;
				TARGETED_DEVICE_FAMILY = "1,2";
				TEST_TARGET_NAME = "Manga-Anime_searcher";
			};
			name = Release;
		};
/* End XCBuildConfiguration section */

/* Begin XCConfigurationList section */
		BD10077D29047722005E915B /* Build configuration list for PBXProject "Manga-Anime_searcher" */ = {
			isa = XCConfigurationList;
			buildConfigurations = (
				BD1007AA29047725005E915B /* Debug */,
				BD1007AB29047725005E915B /* Release */,
			);
			defaultConfigurationIsVisible = 0;
			defaultConfigurationName = Release;
		};
		BD1007AC29047725005E915B /* Build configuration list for PBXNativeTarget "Manga-Anime_searcher" */ = {
			isa = XCConfigurationList;
			buildConfigurations = (
				BD1007AD29047725005E915B /* Debug */,
				BD1007AE29047725005E915B /* Release */,
			);
			defaultConfigurationIsVisible = 0;
			defaultConfigurationName = Release;
		};
		BD1007AF29047725005E915B /* Build configuration list for PBXNativeTarget "Manga-Anime_searcherTests" */ = {
			isa = XCConfigurationList;
			buildConfigurations = (
				BD1007B029047725005E915B /* Debug */,
				BD1007B129047725005E915B /* Release */,
			);
			defaultConfigurationIsVisible = 0;
			defaultConfigurationName = Release;
		};
		BD1007B229047725005E915B /* Build configuration list for PBXNativeTarget "Manga-Anime_searcherUITests" */ = {
			isa = XCConfigurationList;
			buildConfigurations = (
				BD1007B329047725005E915B /* Debug */,
				BD1007B429047725005E915B /* Release */,
			);
			defaultConfigurationIsVisible = 0;
			defaultConfigurationName = Release;
		};
/* End XCConfigurationList section */
	};
	rootObject = BD10077A29047722005E915B /* Project object */;
}
